{
	"name": "ionic-logging-service",
	"version": "11.0.0",
	"lockfileVersion": 1,
	"requires": true,
	"dependencies": {
		"@angular/common": {
			"version": "11.2.14",
			"resolved": "http://verdaccio.penlab/@angular%2fcommon/-/common-11.2.14.tgz",
			"integrity": "sha512-ZSLV/3j7eCTyLf/8g4yBFLWySjiLz3vLJAGWscYoUpnJWMnug1VRu6zoF/COxCbtORgE+Wz6K0uhfS6MziBGVw==",
			"requires": {
				"tslib": "^2.0.0"
			}
		},
		"@angular/core": {
			"version": "11.2.14",
			"resolved": "http://verdaccio.penlab/@angular%2fcore/-/core-11.2.14.tgz",
			"integrity": "sha512-vpR4XqBGitk1Faph37CSpemwIYTmJ3pdIVNoHKP6jLonpWu+0azkchf0f7oD8/2ivj2F81opcIw0tcsy/D/5Vg==",
			"requires": {
				"tslib": "^2.0.0"
			}
		},
		"log4javascript": {
			"version": "1.4.16",
			"resolved": "http://verdaccio.penlab/log4javascript/-/log4javascript-1.4.16.tgz",
			"integrity": "sha512-LaKmdz/+Ix/np+LNrh0hi3dapZUzQ80EGQ6AqnHja5YZVLQ/++rjJbABJ96IICHDsnlsn7hGx1hfMIuUt0vjog=="
		},
		"tslib": {
			"version": "2.4.0",
			"resolved": "http://verdaccio.penlab/tslib/-/tslib-2.4.0.tgz",
			"integrity": "sha512-d6xOpEDfsi2CZVlPQzGeux8XMwLT9hssAsaPYExaQMuYskwb+x1x7J371tWlbBdWHroy99KnVB6qIkUbs5X3UQ=="
		}
	}
}
